// !$*UTF8*$!
{
	archiveVersion = 1;
	classes = {
	};
	objectVersion = 46;
	objects = {

/* Begin PBXBuildFile section */
		A989CB3192D1ACCE0D40DF53 /* libPods-ShareNear.a in Frameworks */ = {isa = PBXBuildFile; fileRef = 3BE9B19C4D2EDDF07D013F15 /* libPods-ShareNear.a */; };
		F45784831A81AF8000EE6B13 /* main.m in Sources */ = {isa = PBXBuildFile; fileRef = F45784821A81AF8000EE6B13 /* main.m */; };
		F45784861A81AF8000EE6B13 /* AppDelegate.m in Sources */ = {isa = PBXBuildFile; fileRef = F45784851A81AF8000EE6B13 /* AppDelegate.m */; };
		F45784891A81AF8000EE6B13 /* ShareNear.xcdatamodeld in Sources */ = {isa = PBXBuildFile; fileRef = F45784871A81AF8000EE6B13 /* ShareNear.xcdatamodeld */; };
		F457848F1A81AF8000EE6B13 /* Main.storyboard in Resources */ = {isa = PBXBuildFile; fileRef = F457848D1A81AF8000EE6B13 /* Main.storyboard */; };
		F45784911A81AF8000EE6B13 /* Images.xcassets in Resources */ = {isa = PBXBuildFile; fileRef = F45784901A81AF8000EE6B13 /* Images.xcassets */; };
		F45784941A81AF8000EE6B13 /* LaunchScreen.xib in Resources */ = {isa = PBXBuildFile; fileRef = F45784921A81AF8000EE6B13 /* LaunchScreen.xib */; };
		F45784A01A81AF8000EE6B13 /* ShareNearTests.m in Sources */ = {isa = PBXBuildFile; fileRef = F457849F1A81AF8000EE6B13 /* ShareNearTests.m */; };
		F45784BA1A81E6D900EE6B13 /* RAMBounceAnimation.swift in Sources */ = {isa = PBXBuildFile; fileRef = F45784AF1A81E6D900EE6B13 /* RAMBounceAnimation.swift */; };
		F45784BB1A81E6D900EE6B13 /* RAMFrameItemAnimation.swift in Sources */ = {isa = PBXBuildFile; fileRef = F45784B11A81E6D900EE6B13 /* RAMFrameItemAnimation.swift */; };
		F45784BC1A81E6D900EE6B13 /* RAMFumeAnimation.swift in Sources */ = {isa = PBXBuildFile; fileRef = F45784B31A81E6D900EE6B13 /* RAMFumeAnimation.swift */; };
		F45784BD1A81E6D900EE6B13 /* RAMRotationAnimation.swift in Sources */ = {isa = PBXBuildFile; fileRef = F45784B51A81E6D900EE6B13 /* RAMRotationAnimation.swift */; };
		F45784BE1A81E6D900EE6B13 /* RAMTransitionItemAnimation.swift in Sources */ = {isa = PBXBuildFile; fileRef = F45784B71A81E6D900EE6B13 /* RAMTransitionItemAnimation.swift */; };
		F45784BF1A81E6D900EE6B13 /* RAMAnimatedTabBarController.swift in Sources */ = {isa = PBXBuildFile; fileRef = F45784B81A81E6D900EE6B13 /* RAMAnimatedTabBarController.swift */; };
		F45784C01A81E6D900EE6B13 /* RAMItemAnimationProtocol.swift in Sources */ = {isa = PBXBuildFile; fileRef = F45784B91A81E6D900EE6B13 /* RAMItemAnimationProtocol.swift */; };
		F45784C31A81EBDE00EE6B13 /* LoginViewController.m in Sources */ = {isa = PBXBuildFile; fileRef = F45784C21A81EBDE00EE6B13 /* LoginViewController.m */; };
		F45784C71A82750C00EE6B13 /* DiscoverViewController.m in Sources */ = {isa = PBXBuildFile; fileRef = F45784C61A82750C00EE6B13 /* DiscoverViewController.m */; };
		F45784D51A82C0F500EE6B13 /* HomeViewController.m in Sources */ = {isa = PBXBuildFile; fileRef = F45784D41A82C0F500EE6B13 /* HomeViewController.m */; };
		F45784D81A82CA9D00EE6B13 /* CoreGraphics.framework in Frameworks */ = {isa = PBXBuildFile; fileRef = F45784D71A82CA9D00EE6B13 /* CoreGraphics.framework */; };
		F45784DB1A82CAEF00EE6B13 /* Foundation.framework in Frameworks */ = {isa = PBXBuildFile; fileRef = F45784DA1A82CAEF00EE6B13 /* Foundation.framework */; };
		F45784DD1A82CAF900EE6B13 /* UIKit.framework in Frameworks */ = {isa = PBXBuildFile; fileRef = F45784DC1A82CAF900EE6B13 /* UIKit.framework */; };
		F45784DF1A82CB1F00EE6B13 /* QuartzCore.framework in Frameworks */ = {isa = PBXBuildFile; fileRef = F45784DE1A82CB1F00EE6B13 /* QuartzCore.framework */; };
		F45784E31A83D4BD00EE6B13 /* FacebookSDK.framework in Frameworks */ = {isa = PBXBuildFile; fileRef = F45784E21A83D4BD00EE6B13 /* FacebookSDK.framework */; };
		F45784E71A83D6C500EE6B13 /* Parse.framework in Frameworks */ = {isa = PBXBuildFile; fileRef = F45784E51A83D6C500EE6B13 /* Parse.framework */; };
		F45784E91A83D6F700EE6B13 /* Accounts.framework in Frameworks */ = {isa = PBXBuildFile; fileRef = F45784E81A83D6F700EE6B13 /* Accounts.framework */; };
		F45784EB1A83D70000EE6B13 /* AudioToolbox.framework in Frameworks */ = {isa = PBXBuildFile; fileRef = F45784EA1A83D70000EE6B13 /* AudioToolbox.framework */; };
		F45784ED1A83D70700EE6B13 /* CFNetwork.framework in Frameworks */ = {isa = PBXBuildFile; fileRef = F45784EC1A83D70700EE6B13 /* CFNetwork.framework */; };
		F45784EF1A83D71A00EE6B13 /* CoreLocation.framework in Frameworks */ = {isa = PBXBuildFile; fileRef = F45784EE1A83D71A00EE6B13 /* CoreLocation.framework */; };
		F45784F11A83D72A00EE6B13 /* MobileCoreServices.framework in Frameworks */ = {isa = PBXBuildFile; fileRef = F45784F01A83D72A00EE6B13 /* MobileCoreServices.framework */; };
		F45784F31A83D73A00EE6B13 /* Security.framework in Frameworks */ = {isa = PBXBuildFile; fileRef = F45784F21A83D73A00EE6B13 /* Security.framework */; };
		F45784F51A83D74300EE6B13 /* Social.framework in Frameworks */ = {isa = PBXBuildFile; fileRef = F45784F41A83D74300EE6B13 /* Social.framework */; };
		F45784F71A83D74B00EE6B13 /* StoreKit.framework in Frameworks */ = {isa = PBXBuildFile; fileRef = F45784F61A83D74B00EE6B13 /* StoreKit.framework */; };
		F45784F91A83D75600EE6B13 /* SystemConfiguration.framework in Frameworks */ = {isa = PBXBuildFile; fileRef = F45784F81A83D75600EE6B13 /* SystemConfiguration.framework */; };
		F45784FB1A83D76300EE6B13 /* libz.dylib in Frameworks */ = {isa = PBXBuildFile; fileRef = F45784FA1A83D76300EE6B13 /* libz.dylib */; };
		F45784FD1A83D76D00EE6B13 /* libsqlite3.dylib in Frameworks */ = {isa = PBXBuildFile; fileRef = F45784FC1A83D76D00EE6B13 /* libsqlite3.dylib */; };
		F45785021A83DC3700EE6B13 /* ParseFacebookUtils.framework in Frameworks */ = {isa = PBXBuildFile; fileRef = F45784FF1A83DC3700EE6B13 /* ParseFacebookUtils.framework */; };
		F45785031A83DC3700EE6B13 /* ParseUI.framework in Frameworks */ = {isa = PBXBuildFile; fileRef = F45785001A83DC3700EE6B13 /* ParseUI.framework */; };
		F457850D1A840EA500EE6B13 /* Constants.m in Sources */ = {isa = PBXBuildFile; fileRef = F457850C1A840EA500EE6B13 /* Constants.m */; };
		F45785101A843F0100EE6B13 /* ProfileViewController.m in Sources */ = {isa = PBXBuildFile; fileRef = F457850F1A843F0100EE6B13 /* ProfileViewController.m */; };
		F45EBEAD1A86B60500A6BAC0 /* ChatTabViewController.m in Sources */ = {isa = PBXBuildFile; fileRef = F45EBEAC1A86B60500A6BAC0 /* ChatTabViewController.m */; };
		F45EBEAF1A86BBB700A6BAC0 /* avatar.png in Resources */ = {isa = PBXBuildFile; fileRef = F45EBEAE1A86BBB700A6BAC0 /* avatar.png */; };
		F45EBEB11A886ADB00A6BAC0 /* defaultPrefsFile.plist in Resources */ = {isa = PBXBuildFile; fileRef = F45EBEB01A886ADB00A6BAC0 /* defaultPrefsFile.plist */; };
		F46D7F0B1A8B2FC600908234 /* TransitionAnimator.m in Sources */ = {isa = PBXBuildFile; fileRef = F46D7F0A1A8B2FC600908234 /* TransitionAnimator.m */; };
		F46D7F0F1A8F2F3E00908234 /* P2PShareViewController.m in Sources */ = {isa = PBXBuildFile; fileRef = F46D7F0E1A8F2F3E00908234 /* P2PShareViewController.m */; };
		F46D7F131A9015A200908234 /* AdSupport.framework in Frameworks */ = {isa = PBXBuildFile; fileRef = F46D7F121A9015A200908234 /* AdSupport.framework */; };
		F46D7F171A90165C00908234 /* ShareFacebookViewController.m in Sources */ = {isa = PBXBuildFile; fileRef = F46D7F161A90165C00908234 /* ShareFacebookViewController.m */; };
		F46D7F1A1A91C6E200908234 /* SignUpViewController.m in Sources */ = {isa = PBXBuildFile; fileRef = F46D7F191A91C6E200908234 /* SignUpViewController.m */; };
		F46D7F211A928F0900908234 /* UserTableViewController.m in Sources */ = {isa = PBXBuildFile; fileRef = F46D7F201A928F0900908234 /* UserTableViewController.m */; };
		F46D7F251A93488000908234 /* PostImageViewController.m in Sources */ = {isa = PBXBuildFile; fileRef = F46D7F241A93488000908234 /* PostImageViewController.m */; };
		F46D7F371A98710000908234 /* MyWorldTravelerModel.xcdatamodeld in Sources */ = {isa = PBXBuildFile; fileRef = F46D7F351A98710000908234 /* MyWorldTravelerModel.xcdatamodeld */; };
		F46D7F391A98711700908234 /* CoreData.framework in Frameworks */ = {isa = PBXBuildFile; fileRef = F46D7F381A98711700908234 /* CoreData.framework */; };
		F46D7F3D1A99274A00908234 /* ContactsViewController.m in Sources */ = {isa = PBXBuildFile; fileRef = F46D7F3C1A99274A00908234 /* ContactsViewController.m */; };
		F46D7F411A9927C200908234 /* ContactTableViewCell.m in Sources */ = {isa = PBXBuildFile; fileRef = F46D7F401A9927C200908234 /* ContactTableViewCell.m */; };
		F46D7F501AA0DBCD00908234 /* MapViewController.m in Sources */ = {isa = PBXBuildFile; fileRef = F46D7F4F1AA0DBCD00908234 /* MapViewController.m */; };
		F46D7F541AA2340900908234 /* circle-loading-animation.gif in Resources */ = {isa = PBXBuildFile; fileRef = F46D7F531AA2340900908234 /* circle-loading-animation.gif */; };
		F47BF34B1A848CC800EB6FEA /* SettingsViewController.m in Sources */ = {isa = PBXBuildFile; fileRef = F47BF34A1A848CC800EB6FEA /* SettingsViewController.m */; };
		F47BF34E1A848EA400EB6FEA /* MatchUpViewController.m in Sources */ = {isa = PBXBuildFile; fileRef = F47BF34D1A848EA400EB6FEA /* MatchUpViewController.m */; };
		F47BF3511A84957D00EB6FEA /* MatchUpSettingsViewController.m in Sources */ = {isa = PBXBuildFile; fileRef = F47BF3501A84957D00EB6FEA /* MatchUpSettingsViewController.m */; };
		F47BF3541A85066600EB6FEA /* InfoViewController.m in Sources */ = {isa = PBXBuildFile; fileRef = F47BF3531A85066600EB6FEA /* InfoViewController.m */; };
		F47BF3591A8521C200EB6FEA /* TestUser.m in Sources */ = {isa = PBXBuildFile; fileRef = F47BF3581A8521C200EB6FEA /* TestUser.m */; };
		F47BF35C1A85224000EB6FEA /* bonobo-congo-ziegler_68751_990x742.jpg in Resources */ = {isa = PBXBuildFile; fileRef = F47BF35B1A85224000EB6FEA /* bonobo-congo-ziegler_68751_990x742.jpg */; };
		F47BF35E1A85237E00EB6FEA /* picture-wallpaper.jpg in Resources */ = {isa = PBXBuildFile; fileRef = F47BF35D1A85237E00EB6FEA /* picture-wallpaper.jpg */; };
		F47BF3621A857A7A00EB6FEA /* MatchViewController.m in Sources */ = {isa = PBXBuildFile; fileRef = F47BF3611A857A7A00EB6FEA /* MatchViewController.m */; };
		F47BF3651A857D1700EB6FEA /* MatchesViewController.m in Sources */ = {isa = PBXBuildFile; fileRef = F47BF3641A857D1700EB6FEA /* MatchesViewController.m */; };
		F47BF36B1A8580FB00EB6FEA /* ChatViewController.m in Sources */ = {isa = PBXBuildFile; fileRef = F47BF36A1A8580FB00EB6FEA /* ChatViewController.m */; };
		F4F459D41AC604C80092F9A9 /* RGCardViewLayout.m in Sources */ = {isa = PBXBuildFile; fileRef = F4F459D31AC604C80092F9A9 /* RGCardViewLayout.m */; };
		F4F459D81AC605170092F9A9 /* DiscoverPeopleViewController.m in Sources */ = {isa = PBXBuildFile; fileRef = F4F459D71AC605170092F9A9 /* DiscoverPeopleViewController.m */; };
		F4F459DB1AC606E50092F9A9 /* DiscoverPeopleCollectionViewCell.m in Sources */ = {isa = PBXBuildFile; fileRef = F4F459DA1AC606E50092F9A9 /* DiscoverPeopleCollectionViewCell.m */; };
/* End PBXBuildFile section */

/* Begin PBXContainerItemProxy section */
		F457849A1A81AF8000EE6B13 /* PBXContainerItemProxy */ = {
			isa = PBXContainerItemProxy;
			containerPortal = F45784751A81AF8000EE6B13 /* Project object */;
			proxyType = 1;
			remoteGlobalIDString = F457847C1A81AF8000EE6B13;
			remoteInfo = ShareNear;
		};
/* End PBXContainerItemProxy section */

/* Begin PBXFileReference section */
		3BE9B19C4D2EDDF07D013F15 /* libPods-ShareNear.a */ = {isa = PBXFileReference; explicitFileType = archive.ar; includeInIndex = 0; path = "libPods-ShareNear.a"; sourceTree = BUILT_PRODUCTS_DIR; };
		7003B71F8A6E24EE47A208D5 /* Pods-ShareNear.release.xcconfig */ = {isa = PBXFileReference; includeInIndex = 1; lastKnownFileType = text.xcconfig; name = "Pods-ShareNear.release.xcconfig"; path = "Pods/Target Support Files/Pods-ShareNear/Pods-ShareNear.release.xcconfig"; sourceTree = "<group>"; };
		8D4DCDF9BCFBC3F4504B1839 /* Pods-ShareNear.debug.xcconfig */ = {isa = PBXFileReference; includeInIndex = 1; lastKnownFileType = text.xcconfig; name = "Pods-ShareNear.debug.xcconfig"; path = "Pods/Target Support Files/Pods-ShareNear/Pods-ShareNear.debug.xcconfig"; sourceTree = "<group>"; };
		F457847D1A81AF8000EE6B13 /* ShareNear.app */ = {isa = PBXFileReference; explicitFileType = wrapper.application; includeInIndex = 0; path = ShareNear.app; sourceTree = BUILT_PRODUCTS_DIR; };
		F45784811A81AF8000EE6B13 /* Info.plist */ = {isa = PBXFileReference; lastKnownFileType = text.plist.xml; path = Info.plist; sourceTree = "<group>"; };
		F45784821A81AF8000EE6B13 /* main.m */ = {isa = PBXFileReference; lastKnownFileType = sourcecode.c.objc; path = main.m; sourceTree = "<group>"; };
		F45784841A81AF8000EE6B13 /* AppDelegate.h */ = {isa = PBXFileReference; lastKnownFileType = sourcecode.c.h; path = AppDelegate.h; sourceTree = "<group>"; };
		F45784851A81AF8000EE6B13 /* AppDelegate.m */ = {isa = PBXFileReference; lastKnownFileType = sourcecode.c.objc; path = AppDelegate.m; sourceTree = "<group>"; };
		F45784881A81AF8000EE6B13 /* ShareNear.xcdatamodel */ = {isa = PBXFileReference; lastKnownFileType = wrapper.xcdatamodel; path = ShareNear.xcdatamodel; sourceTree = "<group>"; };
		F457848E1A81AF8000EE6B13 /* Base */ = {isa = PBXFileReference; lastKnownFileType = file.storyboard; name = Base; path = Base.lproj/Main.storyboard; sourceTree = "<group>"; };
		F45784901A81AF8000EE6B13 /* Images.xcassets */ = {isa = PBXFileReference; lastKnownFileType = folder.assetcatalog; path = Images.xcassets; sourceTree = "<group>"; };
		F45784931A81AF8000EE6B13 /* Base */ = {isa = PBXFileReference; lastKnownFileType = file.xib; name = Base; path = Base.lproj/LaunchScreen.xib; sourceTree = "<group>"; };
		F45784991A81AF8000EE6B13 /* ShareNearTests.xctest */ = {isa = PBXFileReference; explicitFileType = wrapper.cfbundle; includeInIndex = 0; path = ShareNearTests.xctest; sourceTree = BUILT_PRODUCTS_DIR; };
		F457849E1A81AF8000EE6B13 /* Info.plist */ = {isa = PBXFileReference; lastKnownFileType = text.plist.xml; path = Info.plist; sourceTree = "<group>"; };
		F457849F1A81AF8000EE6B13 /* ShareNearTests.m */ = {isa = PBXFileReference; lastKnownFileType = sourcecode.c.objc; path = ShareNearTests.m; sourceTree = "<group>"; };
		F45784A91A81AFA100EE6B13 /* ShareNear-Bridging-Header.h */ = {isa = PBXFileReference; lastKnownFileType = sourcecode.c.h; path = "ShareNear-Bridging-Header.h"; sourceTree = SOURCE_ROOT; };
		F45784AF1A81E6D900EE6B13 /* RAMBounceAnimation.swift */ = {isa = PBXFileReference; fileEncoding = 4; lastKnownFileType = sourcecode.swift; path = RAMBounceAnimation.swift; sourceTree = "<group>"; };
		F45784B11A81E6D900EE6B13 /* RAMFrameItemAnimation.swift */ = {isa = PBXFileReference; fileEncoding = 4; lastKnownFileType = sourcecode.swift; path = RAMFrameItemAnimation.swift; sourceTree = "<group>"; };
		F45784B31A81E6D900EE6B13 /* RAMFumeAnimation.swift */ = {isa = PBXFileReference; fileEncoding = 4; lastKnownFileType = sourcecode.swift; path = RAMFumeAnimation.swift; sourceTree = "<group>"; };
		F45784B51A81E6D900EE6B13 /* RAMRotationAnimation.swift */ = {isa = PBXFileReference; fileEncoding = 4; lastKnownFileType = sourcecode.swift; path = RAMRotationAnimation.swift; sourceTree = "<group>"; };
		F45784B71A81E6D900EE6B13 /* RAMTransitionItemAnimation.swift */ = {isa = PBXFileReference; fileEncoding = 4; lastKnownFileType = sourcecode.swift; path = RAMTransitionItemAnimation.swift; sourceTree = "<group>"; };
		F45784B81A81E6D900EE6B13 /* RAMAnimatedTabBarController.swift */ = {isa = PBXFileReference; fileEncoding = 4; lastKnownFileType = sourcecode.swift; path = RAMAnimatedTabBarController.swift; sourceTree = "<group>"; };
		F45784B91A81E6D900EE6B13 /* RAMItemAnimationProtocol.swift */ = {isa = PBXFileReference; fileEncoding = 4; lastKnownFileType = sourcecode.swift; path = RAMItemAnimationProtocol.swift; sourceTree = "<group>"; };
		F45784C11A81EBDE00EE6B13 /* LoginViewController.h */ = {isa = PBXFileReference; fileEncoding = 4; lastKnownFileType = sourcecode.c.h; path = LoginViewController.h; sourceTree = "<group>"; };
		F45784C21A81EBDE00EE6B13 /* LoginViewController.m */ = {isa = PBXFileReference; fileEncoding = 4; lastKnownFileType = sourcecode.c.objc; path = LoginViewController.m; sourceTree = "<group>"; };
		F45784C51A82750C00EE6B13 /* DiscoverViewController.h */ = {isa = PBXFileReference; fileEncoding = 4; lastKnownFileType = sourcecode.c.h; path = DiscoverViewController.h; sourceTree = "<group>"; };
		F45784C61A82750C00EE6B13 /* DiscoverViewController.m */ = {isa = PBXFileReference; fileEncoding = 4; lastKnownFileType = sourcecode.c.objc; path = DiscoverViewController.m; sourceTree = "<group>"; };
		F45784D31A82C0F500EE6B13 /* HomeViewController.h */ = {isa = PBXFileReference; fileEncoding = 4; lastKnownFileType = sourcecode.c.h; path = HomeViewController.h; sourceTree = "<group>"; };
		F45784D41A82C0F500EE6B13 /* HomeViewController.m */ = {isa = PBXFileReference; fileEncoding = 4; lastKnownFileType = sourcecode.c.objc; path = HomeViewController.m; sourceTree = "<group>"; };
		F45784D71A82CA9D00EE6B13 /* CoreGraphics.framework */ = {isa = PBXFileReference; lastKnownFileType = wrapper.framework; name = CoreGraphics.framework; path = System/Library/Frameworks/CoreGraphics.framework; sourceTree = SDKROOT; };
		F45784DA1A82CAEF00EE6B13 /* Foundation.framework */ = {isa = PBXFileReference; lastKnownFileType = wrapper.framework; name = Foundation.framework; path = System/Library/Frameworks/Foundation.framework; sourceTree = SDKROOT; };
		F45784DC1A82CAF900EE6B13 /* UIKit.framework */ = {isa = PBXFileReference; lastKnownFileType = wrapper.framework; name = UIKit.framework; path = System/Library/Frameworks/UIKit.framework; sourceTree = SDKROOT; };
		F45784DE1A82CB1F00EE6B13 /* QuartzCore.framework */ = {isa = PBXFileReference; lastKnownFileType = wrapper.framework; name = QuartzCore.framework; path = System/Library/Frameworks/QuartzCore.framework; sourceTree = SDKROOT; };
		F45784E21A83D4BD00EE6B13 /* FacebookSDK.framework */ = {isa = PBXFileReference; lastKnownFileType = wrapper.framework; name = FacebookSDK.framework; path = ../../../Documents/FacebookSDK/FacebookSDK.framework; sourceTree = "<group>"; };
		F45784E51A83D6C500EE6B13 /* Parse.framework */ = {isa = PBXFileReference; lastKnownFileType = wrapper.framework; path = Parse.framework; sourceTree = "<group>"; };
		F45784E81A83D6F700EE6B13 /* Accounts.framework */ = {isa = PBXFileReference; lastKnownFileType = wrapper.framework; name = Accounts.framework; path = System/Library/Frameworks/Accounts.framework; sourceTree = SDKROOT; };
		F45784EA1A83D70000EE6B13 /* AudioToolbox.framework */ = {isa = PBXFileReference; lastKnownFileType = wrapper.framework; name = AudioToolbox.framework; path = System/Library/Frameworks/AudioToolbox.framework; sourceTree = SDKROOT; };
		F45784EC1A83D70700EE6B13 /* CFNetwork.framework */ = {isa = PBXFileReference; lastKnownFileType = wrapper.framework; name = CFNetwork.framework; path = System/Library/Frameworks/CFNetwork.framework; sourceTree = SDKROOT; };
		F45784EE1A83D71A00EE6B13 /* CoreLocation.framework */ = {isa = PBXFileReference; lastKnownFileType = wrapper.framework; name = CoreLocation.framework; path = System/Library/Frameworks/CoreLocation.framework; sourceTree = SDKROOT; };
		F45784F01A83D72A00EE6B13 /* MobileCoreServices.framework */ = {isa = PBXFileReference; lastKnownFileType = wrapper.framework; name = MobileCoreServices.framework; path = System/Library/Frameworks/MobileCoreServices.framework; sourceTree = SDKROOT; };
		F45784F21A83D73A00EE6B13 /* Security.framework */ = {isa = PBXFileReference; lastKnownFileType = wrapper.framework; name = Security.framework; path = System/Library/Frameworks/Security.framework; sourceTree = SDKROOT; };
		F45784F41A83D74300EE6B13 /* Social.framework */ = {isa = PBXFileReference; lastKnownFileType = wrapper.framework; name = Social.framework; path = System/Library/Frameworks/Social.framework; sourceTree = SDKROOT; };
		F45784F61A83D74B00EE6B13 /* StoreKit.framework */ = {isa = PBXFileReference; lastKnownFileType = wrapper.framework; name = StoreKit.framework; path = System/Library/Frameworks/StoreKit.framework; sourceTree = SDKROOT; };
		F45784F81A83D75600EE6B13 /* SystemConfiguration.framework */ = {isa = PBXFileReference; lastKnownFileType = wrapper.framework; name = SystemConfiguration.framework; path = System/Library/Frameworks/SystemConfiguration.framework; sourceTree = SDKROOT; };
		F45784FA1A83D76300EE6B13 /* libz.dylib */ = {isa = PBXFileReference; lastKnownFileType = "compiled.mach-o.dylib"; name = libz.dylib; path = usr/lib/libz.dylib; sourceTree = SDKROOT; };
		F45784FC1A83D76D00EE6B13 /* libsqlite3.dylib */ = {isa = PBXFileReference; lastKnownFileType = "compiled.mach-o.dylib"; name = libsqlite3.dylib; path = usr/lib/libsqlite3.dylib; sourceTree = SDKROOT; };
		F45784FF1A83DC3700EE6B13 /* ParseFacebookUtils.framework */ = {isa = PBXFileReference; lastKnownFileType = wrapper.framework; path = ParseFacebookUtils.framework; sourceTree = "<group>"; };
		F45785001A83DC3700EE6B13 /* ParseUI.framework */ = {isa = PBXFileReference; lastKnownFileType = wrapper.framework; path = ParseUI.framework; sourceTree = "<group>"; };
		F45785071A83E61500EE6B13 /* PrefixHeader.pch */ = {isa = PBXFileReference; lastKnownFileType = sourcecode.c.h; name = PrefixHeader.pch; path = ../PrefixHeader.pch; sourceTree = "<group>"; };
		F457850B1A840EA500EE6B13 /* Constants.h */ = {isa = PBXFileReference; fileEncoding = 4; lastKnownFileType = sourcecode.c.h; name = Constants.h; path = ../Constants.h; sourceTree = "<group>"; };
		F457850C1A840EA500EE6B13 /* Constants.m */ = {isa = PBXFileReference; fileEncoding = 4; lastKnownFileType = sourcecode.c.objc; name = Constants.m; path = ../Constants.m; sourceTree = "<group>"; };
		F457850E1A843F0100EE6B13 /* ProfileViewController.h */ = {isa = PBXFileReference; fileEncoding = 4; lastKnownFileType = sourcecode.c.h; name = ProfileViewController.h; path = ShareNear/ProfileViewController.h; sourceTree = "<group>"; };
		F457850F1A843F0100EE6B13 /* ProfileViewController.m */ = {isa = PBXFileReference; fileEncoding = 4; lastKnownFileType = sourcecode.c.objc; name = ProfileViewController.m; path = ShareNear/ProfileViewController.m; sourceTree = "<group>"; };
		F45EBEAB1A86B60500A6BAC0 /* ChatTabViewController.h */ = {isa = PBXFileReference; fileEncoding = 4; lastKnownFileType = sourcecode.c.h; path = ChatTabViewController.h; sourceTree = "<group>"; };
		F45EBEAC1A86B60500A6BAC0 /* ChatTabViewController.m */ = {isa = PBXFileReference; fileEncoding = 4; lastKnownFileType = sourcecode.c.objc; path = ChatTabViewController.m; sourceTree = "<group>"; };
		F45EBEAE1A86BBB700A6BAC0 /* avatar.png */ = {isa = PBXFileReference; lastKnownFileType = image.png; path = avatar.png; sourceTree = "<group>"; };
		F45EBEB01A886ADB00A6BAC0 /* defaultPrefsFile.plist */ = {isa = PBXFileReference; fileEncoding = 4; lastKnownFileType = text.plist.xml; path = defaultPrefsFile.plist; sourceTree = "<group>"; };
		F46D7F091A8B2FC600908234 /* TransitionAnimator.h */ = {isa = PBXFileReference; fileEncoding = 4; lastKnownFileType = sourcecode.c.h; path = TransitionAnimator.h; sourceTree = "<group>"; };
		F46D7F0A1A8B2FC600908234 /* TransitionAnimator.m */ = {isa = PBXFileReference; fileEncoding = 4; lastKnownFileType = sourcecode.c.objc; path = TransitionAnimator.m; sourceTree = "<group>"; };
		F46D7F0D1A8F2F3E00908234 /* P2PShareViewController.h */ = {isa = PBXFileReference; fileEncoding = 4; lastKnownFileType = sourcecode.c.h; path = P2PShareViewController.h; sourceTree = "<group>"; };
		F46D7F0E1A8F2F3E00908234 /* P2PShareViewController.m */ = {isa = PBXFileReference; fileEncoding = 4; lastKnownFileType = sourcecode.c.objc; path = P2PShareViewController.m; sourceTree = "<group>"; };
		F46D7F121A9015A200908234 /* AdSupport.framework */ = {isa = PBXFileReference; lastKnownFileType = wrapper.framework; name = AdSupport.framework; path = System/Library/Frameworks/AdSupport.framework; sourceTree = SDKROOT; };
		F46D7F151A90165C00908234 /* ShareFacebookViewController.h */ = {isa = PBXFileReference; fileEncoding = 4; lastKnownFileType = sourcecode.c.h; path = ShareFacebookViewController.h; sourceTree = "<group>"; };
		F46D7F161A90165C00908234 /* ShareFacebookViewController.m */ = {isa = PBXFileReference; fileEncoding = 4; lastKnownFileType = sourcecode.c.objc; path = ShareFacebookViewController.m; sourceTree = "<group>"; };
		F46D7F181A91C6E200908234 /* SignUpViewController.h */ = {isa = PBXFileReference; fileEncoding = 4; lastKnownFileType = sourcecode.c.h; path = SignUpViewController.h; sourceTree = "<group>"; };
		F46D7F191A91C6E200908234 /* SignUpViewController.m */ = {isa = PBXFileReference; fileEncoding = 4; lastKnownFileType = sourcecode.c.objc; path = SignUpViewController.m; sourceTree = "<group>"; };
		F46D7F1F1A928F0900908234 /* UserTableViewController.h */ = {isa = PBXFileReference; fileEncoding = 4; lastKnownFileType = sourcecode.c.h; path = UserTableViewController.h; sourceTree = "<group>"; };
		F46D7F201A928F0900908234 /* UserTableViewController.m */ = {isa = PBXFileReference; fileEncoding = 4; lastKnownFileType = sourcecode.c.objc; path = UserTableViewController.m; sourceTree = "<group>"; };
		F46D7F231A93488000908234 /* PostImageViewController.h */ = {isa = PBXFileReference; fileEncoding = 4; lastKnownFileType = sourcecode.c.h; path = PostImageViewController.h; sourceTree = "<group>"; };
		F46D7F241A93488000908234 /* PostImageViewController.m */ = {isa = PBXFileReference; fileEncoding = 4; lastKnownFileType = sourcecode.c.objc; path = PostImageViewController.m; sourceTree = "<group>"; };
		F46D7F361A98710000908234 /* MyWorldTravelerModel.xcdatamodel */ = {isa = PBXFileReference; lastKnownFileType = wrapper.xcdatamodel; path = MyWorldTravelerModel.xcdatamodel; sourceTree = "<group>"; };
		F46D7F381A98711700908234 /* CoreData.framework */ = {isa = PBXFileReference; lastKnownFileType = wrapper.framework; name = CoreData.framework; path = System/Library/Frameworks/CoreData.framework; sourceTree = SDKROOT; };
		F46D7F3B1A99274A00908234 /* ContactsViewController.h */ = {isa = PBXFileReference; fileEncoding = 4; lastKnownFileType = sourcecode.c.h; path = ContactsViewController.h; sourceTree = "<group>"; };
		F46D7F3C1A99274A00908234 /* ContactsViewController.m */ = {isa = PBXFileReference; fileEncoding = 4; lastKnownFileType = sourcecode.c.objc; path = ContactsViewController.m; sourceTree = "<group>"; };
		F46D7F3F1A9927C200908234 /* ContactTableViewCell.h */ = {isa = PBXFileReference; fileEncoding = 4; lastKnownFileType = sourcecode.c.h; path = ContactTableViewCell.h; sourceTree = "<group>"; };
		F46D7F401A9927C200908234 /* ContactTableViewCell.m */ = {isa = PBXFileReference; fileEncoding = 4; lastKnownFileType = sourcecode.c.objc; path = ContactTableViewCell.m; sourceTree = "<group>"; };
		F46D7F4E1AA0DBCD00908234 /* MapViewController.h */ = {isa = PBXFileReference; fileEncoding = 4; lastKnownFileType = sourcecode.c.h; path = MapViewController.h; sourceTree = "<group>"; };
		F46D7F4F1AA0DBCD00908234 /* MapViewController.m */ = {isa = PBXFileReference; fileEncoding = 4; lastKnownFileType = sourcecode.c.objc; path = MapViewController.m; sourceTree = "<group>"; };
		F46D7F531AA2340900908234 /* circle-loading-animation.gif */ = {isa = PBXFileReference; lastKnownFileType = image.gif; path = "circle-loading-animation.gif"; sourceTree = "<group>"; };
		F47BF3491A848CC800EB6FEA /* SettingsViewController.h */ = {isa = PBXFileReference; fileEncoding = 4; lastKnownFileType = sourcecode.c.h; name = SettingsViewController.h; path = ShareNear/SettingsViewController.h; sourceTree = "<group>"; };
		F47BF34A1A848CC800EB6FEA /* SettingsViewController.m */ = {isa = PBXFileReference; fileEncoding = 4; lastKnownFileType = sourcecode.c.objc; name = SettingsViewController.m; path = ShareNear/SettingsViewController.m; sourceTree = "<group>"; };
		F47BF34C1A848EA400EB6FEA /* MatchUpViewController.h */ = {isa = PBXFileReference; fileEncoding = 4; lastKnownFileType = sourcecode.c.h; path = MatchUpViewController.h; sourceTree = "<group>"; };
		F47BF34D1A848EA400EB6FEA /* MatchUpViewController.m */ = {isa = PBXFileReference; fileEncoding = 4; lastKnownFileType = sourcecode.c.objc; path = MatchUpViewController.m; sourceTree = "<group>"; };
		F47BF34F1A84957D00EB6FEA /* MatchUpSettingsViewController.h */ = {isa = PBXFileReference; fileEncoding = 4; lastKnownFileType = sourcecode.c.h; path = MatchUpSettingsViewController.h; sourceTree = "<group>"; };
		F47BF3501A84957D00EB6FEA /* MatchUpSettingsViewController.m */ = {isa = PBXFileReference; fileEncoding = 4; lastKnownFileType = sourcecode.c.objc; path = MatchUpSettingsViewController.m; sourceTree = "<group>"; };
		F47BF3521A85066600EB6FEA /* InfoViewController.h */ = {isa = PBXFileReference; fileEncoding = 4; lastKnownFileType = sourcecode.c.h; path = InfoViewController.h; sourceTree = "<group>"; };
		F47BF3531A85066600EB6FEA /* InfoViewController.m */ = {isa = PBXFileReference; fileEncoding = 4; lastKnownFileType = sourcecode.c.objc; path = InfoViewController.m; sourceTree = "<group>"; };
		F47BF3571A8521C200EB6FEA /* TestUser.h */ = {isa = PBXFileReference; fileEncoding = 4; lastKnownFileType = sourcecode.c.h; path = TestUser.h; sourceTree = "<group>"; };
		F47BF3581A8521C200EB6FEA /* TestUser.m */ = {isa = PBXFileReference; fileEncoding = 4; lastKnownFileType = sourcecode.c.objc; path = TestUser.m; sourceTree = "<group>"; };
		F47BF35B1A85224000EB6FEA /* bonobo-congo-ziegler_68751_990x742.jpg */ = {isa = PBXFileReference; lastKnownFileType = image.jpeg; path = "bonobo-congo-ziegler_68751_990x742.jpg"; sourceTree = "<group>"; };
		F47BF35D1A85237E00EB6FEA /* picture-wallpaper.jpg */ = {isa = PBXFileReference; lastKnownFileType = image.jpeg; path = "picture-wallpaper.jpg"; sourceTree = "<group>"; };
		F47BF3601A857A7A00EB6FEA /* MatchViewController.h */ = {isa = PBXFileReference; fileEncoding = 4; lastKnownFileType = sourcecode.c.h; path = MatchViewController.h; sourceTree = "<group>"; };
		F47BF3611A857A7A00EB6FEA /* MatchViewController.m */ = {isa = PBXFileReference; fileEncoding = 4; lastKnownFileType = sourcecode.c.objc; path = MatchViewController.m; sourceTree = "<group>"; };
		F47BF3631A857D1700EB6FEA /* MatchesViewController.h */ = {isa = PBXFileReference; fileEncoding = 4; lastKnownFileType = sourcecode.c.h; path = MatchesViewController.h; sourceTree = "<group>"; };
		F47BF3641A857D1700EB6FEA /* MatchesViewController.m */ = {isa = PBXFileReference; fileEncoding = 4; lastKnownFileType = sourcecode.c.objc; path = MatchesViewController.m; sourceTree = "<group>"; };
		F47BF3691A8580FB00EB6FEA /* ChatViewController.h */ = {isa = PBXFileReference; fileEncoding = 4; lastKnownFileType = sourcecode.c.h; path = ChatViewController.h; sourceTree = "<group>"; };
		F47BF36A1A8580FB00EB6FEA /* ChatViewController.m */ = {isa = PBXFileReference; fileEncoding = 4; lastKnownFileType = sourcecode.c.objc; path = ChatViewController.m; sourceTree = "<group>"; };
		F4F459D21AC604C80092F9A9 /* RGCardViewLayout.h */ = {isa = PBXFileReference; fileEncoding = 4; lastKnownFileType = sourcecode.c.h; path = RGCardViewLayout.h; sourceTree = "<group>"; };
		F4F459D31AC604C80092F9A9 /* RGCardViewLayout.m */ = {isa = PBXFileReference; fileEncoding = 4; lastKnownFileType = sourcecode.c.objc; path = RGCardViewLayout.m; sourceTree = "<group>"; };
		F4F459D61AC605170092F9A9 /* DiscoverPeopleViewController.h */ = {isa = PBXFileReference; fileEncoding = 4; lastKnownFileType = sourcecode.c.h; path = DiscoverPeopleViewController.h; sourceTree = "<group>"; };
		F4F459D71AC605170092F9A9 /* DiscoverPeopleViewController.m */ = {isa = PBXFileReference; fileEncoding = 4; lastKnownFileType = sourcecode.c.objc; path = DiscoverPeopleViewController.m; sourceTree = "<group>"; };
		F4F459D91AC606E50092F9A9 /* DiscoverPeopleCollectionViewCell.h */ = {isa = PBXFileReference; fileEncoding = 4; lastKnownFileType = sourcecode.c.h; path = DiscoverPeopleCollectionViewCell.h; sourceTree = "<group>"; };
		F4F459DA1AC606E50092F9A9 /* DiscoverPeopleCollectionViewCell.m */ = {isa = PBXFileReference; fileEncoding = 4; lastKnownFileType = sourcecode.c.objc; path = DiscoverPeopleCollectionViewCell.m; sourceTree = "<group>"; };
/* End PBXFileReference section */

/* Begin PBXFrameworksBuildPhase section */
		F457847A1A81AF8000EE6B13 /* Frameworks */ = {
			isa = PBXFrameworksBuildPhase;
			buildActionMask = 2147483647;
			files = (
				F46D7F391A98711700908234 /* CoreData.framework in Frameworks */,
				F46D7F131A9015A200908234 /* AdSupport.framework in Frameworks */,
				F45784FD1A83D76D00EE6B13 /* libsqlite3.dylib in Frameworks */,
				F45784FB1A83D76300EE6B13 /* libz.dylib in Frameworks */,
				F45784F91A83D75600EE6B13 /* SystemConfiguration.framework in Frameworks */,
				F45784F71A83D74B00EE6B13 /* StoreKit.framework in Frameworks */,
				F45784F51A83D74300EE6B13 /* Social.framework in Frameworks */,
				F45784F31A83D73A00EE6B13 /* Security.framework in Frameworks */,
				F45784DF1A82CB1F00EE6B13 /* QuartzCore.framework in Frameworks */,
				F45784F11A83D72A00EE6B13 /* MobileCoreServices.framework in Frameworks */,
				F45784EF1A83D71A00EE6B13 /* CoreLocation.framework in Frameworks */,
				F45785031A83DC3700EE6B13 /* ParseUI.framework in Frameworks */,
				F45784D81A82CA9D00EE6B13 /* CoreGraphics.framework in Frameworks */,
				F45784ED1A83D70700EE6B13 /* CFNetwork.framework in Frameworks */,
				F45784EB1A83D70000EE6B13 /* AudioToolbox.framework in Frameworks */,
				F45784E91A83D6F700EE6B13 /* Accounts.framework in Frameworks */,
				F45784E31A83D4BD00EE6B13 /* FacebookSDK.framework in Frameworks */,
				F45784DD1A82CAF900EE6B13 /* UIKit.framework in Frameworks */,
				F45784E71A83D6C500EE6B13 /* Parse.framework in Frameworks */,
				F45785021A83DC3700EE6B13 /* ParseFacebookUtils.framework in Frameworks */,
				F45784DB1A82CAEF00EE6B13 /* Foundation.framework in Frameworks */,
				A989CB3192D1ACCE0D40DF53 /* libPods-ShareNear.a in Frameworks */,
			);
			runOnlyForDeploymentPostprocessing = 0;
		};
		F45784961A81AF8000EE6B13 /* Frameworks */ = {
			isa = PBXFrameworksBuildPhase;
			buildActionMask = 2147483647;
			files = (
			);
			runOnlyForDeploymentPostprocessing = 0;
		};
/* End PBXFrameworksBuildPhase section */

/* Begin PBXGroup section */
		B23913F066EC6012F244388C /* Pods */ = {
			isa = PBXGroup;
			children = (
				8D4DCDF9BCFBC3F4504B1839 /* Pods-ShareNear.debug.xcconfig */,
				7003B71F8A6E24EE47A208D5 /* Pods-ShareNear.release.xcconfig */,
			);
			name = Pods;
			sourceTree = "<group>";
		};
		F45784741A81AF8000EE6B13 = {
			isa = PBXGroup;
			children = (
				F46D7F511AA0DE1700908234 /* Model */,
				F46D7F491AA0D8DC00908234 /* Vendor */,
				F47BF35A1A85224000EB6FEA /* Assets */,
				F45784D91A82CAC800EE6B13 /* Frameworks */,
				F457847F1A81AF8000EE6B13 /* ShareNear */,
				F457849C1A81AF8000EE6B13 /* ShareNearTests */,
				F457847E1A81AF8000EE6B13 /* Products */,
				B23913F066EC6012F244388C /* Pods */,
			);
			sourceTree = "<group>";
		};
		F457847E1A81AF8000EE6B13 /* Products */ = {
			isa = PBXGroup;
			children = (
				F457847D1A81AF8000EE6B13 /* ShareNear.app */,
				F45784991A81AF8000EE6B13 /* ShareNearTests.xctest */,
			);
			name = Products;
			sourceTree = "<group>";
		};
		F457847F1A81AF8000EE6B13 /* ShareNear */ = {
			isa = PBXGroup;
			children = (
				F46D7F3A1A99272700908234 /* Contacts */,
				F47BF3561A85219900EB6FEA /* CreateTestUsers */,
				F45784C41A81EBE400EE6B13 /* Login */,
				F45784C81A82751500EE6B13 /* Discover */,
				F45784D61A82C0FB00EE6B13 /* Home */,
				F45785111A843F0A00EE6B13 /* Settings */,
				F47BF3481A8478AD00EB6FEA /* Chat */,
				F45784841A81AF8000EE6B13 /* AppDelegate.h */,
				F45784851A81AF8000EE6B13 /* AppDelegate.m */,
				F457848D1A81AF8000EE6B13 /* Main.storyboard */,
				F45784901A81AF8000EE6B13 /* Images.xcassets */,
				F45784921A81AF8000EE6B13 /* LaunchScreen.xib */,
				F45784801A81AF8000EE6B13 /* Supporting Files */,
			);
			path = ShareNear;
			sourceTree = "<group>";
		};
		F45784801A81AF8000EE6B13 /* Supporting Files */ = {
			isa = PBXGroup;
			children = (
				F457850B1A840EA500EE6B13 /* Constants.h */,
				F457850C1A840EA500EE6B13 /* Constants.m */,
				F45785071A83E61500EE6B13 /* PrefixHeader.pch */,
				F45784A91A81AFA100EE6B13 /* ShareNear-Bridging-Header.h */,
				F45784811A81AF8000EE6B13 /* Info.plist */,
				F45784821A81AF8000EE6B13 /* main.m */,
			);
			name = "Supporting Files";
			sourceTree = "<group>";
		};
		F457849C1A81AF8000EE6B13 /* ShareNearTests */ = {
			isa = PBXGroup;
			children = (
				F457849F1A81AF8000EE6B13 /* ShareNearTests.m */,
				F457849D1A81AF8000EE6B13 /* Supporting Files */,
			);
			path = ShareNearTests;
			sourceTree = "<group>";
		};
		F457849D1A81AF8000EE6B13 /* Supporting Files */ = {
			isa = PBXGroup;
			children = (
				F457849E1A81AF8000EE6B13 /* Info.plist */,
			);
			name = "Supporting Files";
			sourceTree = "<group>";
		};
		F45784AC1A81E6D900EE6B13 /* RAMAnimatedTabBarController */ = {
			isa = PBXGroup;
			children = (
				F45784AD1A81E6D900EE6B13 /* Animations */,
				F45784B81A81E6D900EE6B13 /* RAMAnimatedTabBarController.swift */,
				F45784B91A81E6D900EE6B13 /* RAMItemAnimationProtocol.swift */,
			);
			name = RAMAnimatedTabBarController;
			path = ShareNear/RAMAnimatedTabBarController;
			sourceTree = "<group>";
		};
		F45784AD1A81E6D900EE6B13 /* Animations */ = {
			isa = PBXGroup;
			children = (
				F45784AE1A81E6D900EE6B13 /* BounceAnimation */,
				F45784B01A81E6D900EE6B13 /* FrameAnimation */,
				F45784B21A81E6D900EE6B13 /* FumeAnimation */,
				F45784B41A81E6D900EE6B13 /* RotationAnimation */,
				F45784B61A81E6D900EE6B13 /* TransitionAniamtions */,
			);
			path = Animations;
			sourceTree = "<group>";
		};
		F45784AE1A81E6D900EE6B13 /* BounceAnimation */ = {
			isa = PBXGroup;
			children = (
				F45784AF1A81E6D900EE6B13 /* RAMBounceAnimation.swift */,
			);
			path = BounceAnimation;
			sourceTree = "<group>";
		};
		F45784B01A81E6D900EE6B13 /* FrameAnimation */ = {
			isa = PBXGroup;
			children = (
				F45784B11A81E6D900EE6B13 /* RAMFrameItemAnimation.swift */,
			);
			path = FrameAnimation;
			sourceTree = "<group>";
		};
		F45784B21A81E6D900EE6B13 /* FumeAnimation */ = {
			isa = PBXGroup;
			children = (
				F45784B31A81E6D900EE6B13 /* RAMFumeAnimation.swift */,
			);
			path = FumeAnimation;
			sourceTree = "<group>";
		};
		F45784B41A81E6D900EE6B13 /* RotationAnimation */ = {
			isa = PBXGroup;
			children = (
				F45784B51A81E6D900EE6B13 /* RAMRotationAnimation.swift */,
			);
			path = RotationAnimation;
			sourceTree = "<group>";
		};
		F45784B61A81E6D900EE6B13 /* TransitionAniamtions */ = {
			isa = PBXGroup;
			children = (
				F45784B71A81E6D900EE6B13 /* RAMTransitionItemAnimation.swift */,
			);
			path = TransitionAniamtions;
			sourceTree = "<group>";
		};
		F45784C41A81EBE400EE6B13 /* Login */ = {
			isa = PBXGroup;
			children = (
				F45784C11A81EBDE00EE6B13 /* LoginViewController.h */,
				F45784C21A81EBDE00EE6B13 /* LoginViewController.m */,
				F46D7F181A91C6E200908234 /* SignUpViewController.h */,
				F46D7F191A91C6E200908234 /* SignUpViewController.m */,
			);
			name = Login;
			sourceTree = "<group>";
		};
		F45784C81A82751500EE6B13 /* Discover */ = {
			isa = PBXGroup;
			children = (
				F45784C51A82750C00EE6B13 /* DiscoverViewController.h */,
				F45784C61A82750C00EE6B13 /* DiscoverViewController.m */,
				F4F459D51AC604DB0092F9A9 /* People */,
				F47BF35F1A852A6F00EB6FEA /* MatchUp */,
			);
			name = Discover;
			sourceTree = "<group>";
		};
		F45784D61A82C0FB00EE6B13 /* Home */ = {
			isa = PBXGroup;
			children = (
				F46D7F141A90163000908234 /* ShareOnFacebook */,
				F46D7F0C1A8F2F1300908234 /* P2P Share */,
				F45784D31A82C0F500EE6B13 /* HomeViewController.h */,
				F45784D41A82C0F500EE6B13 /* HomeViewController.m */,
			);
			name = Home;
			sourceTree = "<group>";
		};
		F45784D91A82CAC800EE6B13 /* Frameworks */ = {
			isa = PBXGroup;
			children = (
				F46D7F381A98711700908234 /* CoreData.framework */,
				F46D7F121A9015A200908234 /* AdSupport.framework */,
				F45784FF1A83DC3700EE6B13 /* ParseFacebookUtils.framework */,
				F45785001A83DC3700EE6B13 /* ParseUI.framework */,
				F45784FC1A83D76D00EE6B13 /* libsqlite3.dylib */,
				F45784FA1A83D76300EE6B13 /* libz.dylib */,
				F45784F81A83D75600EE6B13 /* SystemConfiguration.framework */,
				F45784F61A83D74B00EE6B13 /* StoreKit.framework */,
				F45784F41A83D74300EE6B13 /* Social.framework */,
				F45784F21A83D73A00EE6B13 /* Security.framework */,
				F45784F01A83D72A00EE6B13 /* MobileCoreServices.framework */,
				F45784EE1A83D71A00EE6B13 /* CoreLocation.framework */,
				F45784EC1A83D70700EE6B13 /* CFNetwork.framework */,
				F45784EA1A83D70000EE6B13 /* AudioToolbox.framework */,
				F45784E81A83D6F700EE6B13 /* Accounts.framework */,
				F45784E51A83D6C500EE6B13 /* Parse.framework */,
				F45784E21A83D4BD00EE6B13 /* FacebookSDK.framework */,
				F45784DE1A82CB1F00EE6B13 /* QuartzCore.framework */,
				F45784DC1A82CAF900EE6B13 /* UIKit.framework */,
				F45784DA1A82CAEF00EE6B13 /* Foundation.framework */,
				F45784D71A82CA9D00EE6B13 /* CoreGraphics.framework */,
				3BE9B19C4D2EDDF07D013F15 /* libPods-ShareNear.a */,
			);
			name = Frameworks;
			sourceTree = "<group>";
		};
		F45785111A843F0A00EE6B13 /* Settings */ = {
			isa = PBXGroup;
			children = (
				F47BF3491A848CC800EB6FEA /* SettingsViewController.h */,
				F47BF34A1A848CC800EB6FEA /* SettingsViewController.m */,
				F457850E1A843F0100EE6B13 /* ProfileViewController.h */,
				F457850F1A843F0100EE6B13 /* ProfileViewController.m */,
			);
			name = Settings;
			path = ..;
			sourceTree = "<group>";
		};
		F45EBEB21A8873D400A6BAC0 /* Settings */ = {
			isa = PBXGroup;
			children = (
				F47BF34F1A84957D00EB6FEA /* MatchUpSettingsViewController.h */,
				F47BF3501A84957D00EB6FEA /* MatchUpSettingsViewController.m */,
				F45EBEB01A886ADB00A6BAC0 /* defaultPrefsFile.plist */,
			);
			name = Settings;
			sourceTree = "<group>";
		};
		F45EBEB41A88769900A6BAC0 /* Match */ = {
			isa = PBXGroup;
			children = (
				F47BF3601A857A7A00EB6FEA /* MatchViewController.h */,
				F47BF3611A857A7A00EB6FEA /* MatchViewController.m */,
				F46D7F081A8B2FA100908234 /* Transition Helper */,
			);
			name = Match;
			sourceTree = "<group>";
		};
		F45EBEB51A8876A700A6BAC0 /* Matches */ = {
			isa = PBXGroup;
			children = (
				F47BF3631A857D1700EB6FEA /* MatchesViewController.h */,
				F47BF3641A857D1700EB6FEA /* MatchesViewController.m */,
			);
			name = Matches;
			sourceTree = "<group>";
		};
		F45EBEB61A8876B300A6BAC0 /* Info */ = {
			isa = PBXGroup;
			children = (
				F47BF3521A85066600EB6FEA /* InfoViewController.h */,
				F47BF3531A85066600EB6FEA /* InfoViewController.m */,
			);
			name = Info;
			sourceTree = "<group>";
		};
		F45EBEB71A8876BF00A6BAC0 /* Chat */ = {
			isa = PBXGroup;
			children = (
			);
			name = Chat;
			sourceTree = "<group>";
		};
		F46D7F081A8B2FA100908234 /* Transition Helper */ = {
			isa = PBXGroup;
			children = (
				F46D7F091A8B2FC600908234 /* TransitionAnimator.h */,
				F46D7F0A1A8B2FC600908234 /* TransitionAnimator.m */,
			);
			name = "Transition Helper";
			sourceTree = "<group>";
		};
		F46D7F0C1A8F2F1300908234 /* P2P Share */ = {
			isa = PBXGroup;
			children = (
				F46D7F0D1A8F2F3E00908234 /* P2PShareViewController.h */,
				F46D7F0E1A8F2F3E00908234 /* P2PShareViewController.m */,
			);
			name = "P2P Share";
			sourceTree = "<group>";
		};
		F46D7F141A90163000908234 /* ShareOnFacebook */ = {
			isa = PBXGroup;
			children = (
				F46D7F151A90165C00908234 /* ShareFacebookViewController.h */,
				F46D7F161A90165C00908234 /* ShareFacebookViewController.m */,
			);
			name = ShareOnFacebook;
			sourceTree = "<group>";
		};
		F46D7F1E1A928ECB00908234 /* UserTable */ = {
			isa = PBXGroup;
			children = (
				F46D7F1F1A928F0900908234 /* UserTableViewController.h */,
				F46D7F201A928F0900908234 /* UserTableViewController.m */,
				F46D7F221A93486000908234 /* PostImage */,
			);
			name = UserTable;
			sourceTree = "<group>";
		};
		F46D7F221A93486000908234 /* PostImage */ = {
			isa = PBXGroup;
			children = (
				F46D7F231A93488000908234 /* PostImageViewController.h */,
				F46D7F241A93488000908234 /* PostImageViewController.m */,
			);
			name = PostImage;
			sourceTree = "<group>";
		};
		F46D7F3A1A99272700908234 /* Contacts */ = {
			isa = PBXGroup;
			children = (
				F46D7F4A1AA0DB7600908234 /* Map */,
				F46D7F3B1A99274A00908234 /* ContactsViewController.h */,
				F46D7F3C1A99274A00908234 /* ContactsViewController.m */,
				F46D7F3F1A9927C200908234 /* ContactTableViewCell.h */,
				F46D7F401A9927C200908234 /* ContactTableViewCell.m */,
			);
			name = Contacts;
			sourceTree = "<group>";
		};
		F46D7F491AA0D8DC00908234 /* Vendor */ = {
			isa = PBXGroup;
			children = (
				F4F459D11AC604AD0092F9A9 /* RGCardViewLayout */,
				F45784AC1A81E6D900EE6B13 /* RAMAnimatedTabBarController */,
			);
			name = Vendor;
			sourceTree = "<group>";
		};
		F46D7F4A1AA0DB7600908234 /* Map */ = {
			isa = PBXGroup;
			children = (
				F46D7F4E1AA0DBCD00908234 /* MapViewController.h */,
				F46D7F4F1AA0DBCD00908234 /* MapViewController.m */,
			);
			name = Map;
			sourceTree = "<group>";
		};
		F46D7F511AA0DE1700908234 /* Model */ = {
			isa = PBXGroup;
			children = (
				F45784871A81AF8000EE6B13 /* ShareNear.xcdatamodeld */,
				F46D7F351A98710000908234 /* MyWorldTravelerModel.xcdatamodeld */,
			);
			name = Model;
			sourceTree = "<group>";
		};
		F46D7F521AA0E21600908234 /* ChatView */ = {
			isa = PBXGroup;
			children = (
				F47BF3691A8580FB00EB6FEA /* ChatViewController.h */,
				F47BF36A1A8580FB00EB6FEA /* ChatViewController.m */,
			);
			name = ChatView;
			sourceTree = "<group>";
		};
		F47BF3481A8478AD00EB6FEA /* Chat */ = {
			isa = PBXGroup;
			children = (
				F46D7F521AA0E21600908234 /* ChatView */,
				F46D7F1E1A928ECB00908234 /* UserTable */,
				F45EBEAB1A86B60500A6BAC0 /* ChatTabViewController.h */,
				F45EBEAC1A86B60500A6BAC0 /* ChatTabViewController.m */,
			);
			name = Chat;
			path = ..;
			sourceTree = "<group>";
		};
		F47BF3561A85219900EB6FEA /* CreateTestUsers */ = {
			isa = PBXGroup;
			children = (
				F47BF3571A8521C200EB6FEA /* TestUser.h */,
				F47BF3581A8521C200EB6FEA /* TestUser.m */,
			);
			name = CreateTestUsers;
			path = ..;
			sourceTree = "<group>";
		};
		F47BF35A1A85224000EB6FEA /* Assets */ = {
			isa = PBXGroup;
			children = (
				F46D7F531AA2340900908234 /* circle-loading-animation.gif */,
				F45EBEAE1A86BBB700A6BAC0 /* avatar.png */,
				F47BF35D1A85237E00EB6FEA /* picture-wallpaper.jpg */,
				F47BF35B1A85224000EB6FEA /* bonobo-congo-ziegler_68751_990x742.jpg */,
			);
			path = Assets;
			sourceTree = "<group>";
		};
		F47BF35F1A852A6F00EB6FEA /* MatchUp */ = {
			isa = PBXGroup;
			children = (
				F47BF34C1A848EA400EB6FEA /* MatchUpViewController.h */,
				F47BF34D1A848EA400EB6FEA /* MatchUpViewController.m */,
				F45EBEB71A8876BF00A6BAC0 /* Chat */,
				F45EBEB61A8876B300A6BAC0 /* Info */,
				F45EBEB51A8876A700A6BAC0 /* Matches */,
				F45EBEB41A88769900A6BAC0 /* Match */,
				F45EBEB21A8873D400A6BAC0 /* Settings */,
			);
			name = MatchUp;
			sourceTree = "<group>";
		};
		F4F459D11AC604AD0092F9A9 /* RGCardViewLayout */ = {
			isa = PBXGroup;
			children = (
				F4F459D21AC604C80092F9A9 /* RGCardViewLayout.h */,
				F4F459D31AC604C80092F9A9 /* RGCardViewLayout.m */,
			);
			name = RGCardViewLayout;
			sourceTree = "<group>";
		};
		F4F459D51AC604DB0092F9A9 /* People */ = {
			isa = PBXGroup;
			children = (
				F4F459D61AC605170092F9A9 /* DiscoverPeopleViewController.h */,
				F4F459D71AC605170092F9A9 /* DiscoverPeopleViewController.m */,
				F4F459D91AC606E50092F9A9 /* DiscoverPeopleCollectionViewCell.h */,
				F4F459DA1AC606E50092F9A9 /* DiscoverPeopleCollectionViewCell.m */,
			);
			name = People;
			sourceTree = "<group>";
		};
/* End PBXGroup section */

/* Begin PBXNativeTarget section */
		F457847C1A81AF8000EE6B13 /* ShareNear */ = {
			isa = PBXNativeTarget;
			buildConfigurationList = F45784A31A81AF8000EE6B13 /* Build configuration list for PBXNativeTarget "ShareNear" */;
			buildPhases = (
				03A52B8D1C9739C8AADC5121 /* Check Pods Manifest.lock */,
				F45784791A81AF8000EE6B13 /* Sources */,
				F457847A1A81AF8000EE6B13 /* Frameworks */,
				F457847B1A81AF8000EE6B13 /* Resources */,
				0E5C98B7A440085016D38509 /* Copy Pods Resources */,
			);
			buildRules = (
			);
			dependencies = (
			);
			name = ShareNear;
			productName = ShareNear;
			productReference = F457847D1A81AF8000EE6B13 /* ShareNear.app */;
			productType = "com.apple.product-type.application";
		};
		F45784981A81AF8000EE6B13 /* ShareNearTests */ = {
			isa = PBXNativeTarget;
			buildConfigurationList = F45784A61A81AF8000EE6B13 /* Build configuration list for PBXNativeTarget "ShareNearTests" */;
			buildPhases = (
				F45784951A81AF8000EE6B13 /* Sources */,
				F45784961A81AF8000EE6B13 /* Frameworks */,
				F45784971A81AF8000EE6B13 /* Resources */,
			);
			buildRules = (
			);
			dependencies = (
				F457849B1A81AF8000EE6B13 /* PBXTargetDependency */,
			);
			name = ShareNearTests;
			productName = ShareNearTests;
			productReference = F45784991A81AF8000EE6B13 /* ShareNearTests.xctest */;
			productType = "com.apple.product-type.bundle.unit-test";
		};
/* End PBXNativeTarget section */

/* Begin PBXProject section */
		F45784751A81AF8000EE6B13 /* Project object */ = {
			isa = PBXProject;
			attributes = {
				LastUpgradeCheck = 0610;
				ORGANIZATIONNAME = KeApp;
				TargetAttributes = {
					F457847C1A81AF8000EE6B13 = {
						CreatedOnToolsVersion = 6.1.1;
						DevelopmentTeam = NN6D3E38G9;
						SystemCapabilities = {
							com.apple.BackgroundModes = {
								enabled = 1;
							};
						};
					};
					F45784981A81AF8000EE6B13 = {
						CreatedOnToolsVersion = 6.1.1;
						TestTargetID = F457847C1A81AF8000EE6B13;
					};
				};
			};
			buildConfigurationList = F45784781A81AF8000EE6B13 /* Build configuration list for PBXProject "ShareNear" */;
			compatibilityVersion = "Xcode 3.2";
			developmentRegion = English;
			hasScannedForEncodings = 0;
			knownRegions = (
				en,
				Base,
			);
			mainGroup = F45784741A81AF8000EE6B13;
			productRefGroup = F457847E1A81AF8000EE6B13 /* Products */;
			projectDirPath = "";
			projectRoot = "";
			targets = (
				F457847C1A81AF8000EE6B13 /* ShareNear */,
				F45784981A81AF8000EE6B13 /* ShareNearTests */,
			);
		};
/* End PBXProject section */

/* Begin PBXResourcesBuildPhase section */
		F457847B1A81AF8000EE6B13 /* Resources */ = {
			isa = PBXResourcesBuildPhase;
			buildActionMask = 2147483647;
			files = (
				F457848F1A81AF8000EE6B13 /* Main.storyboard in Resources */,
				F45EBEAF1A86BBB700A6BAC0 /* avatar.png in Resources */,
				F45784941A81AF8000EE6B13 /* LaunchScreen.xib in Resources */,
				F47BF35C1A85224000EB6FEA /* bonobo-congo-ziegler_68751_990x742.jpg in Resources */,
				F45784911A81AF8000EE6B13 /* Images.xcassets in Resources */,
				F45EBEB11A886ADB00A6BAC0 /* defaultPrefsFile.plist in Resources */,
				F47BF35E1A85237E00EB6FEA /* picture-wallpaper.jpg in Resources */,
				F46D7F541AA2340900908234 /* circle-loading-animation.gif in Resources */,
			);
			runOnlyForDeploymentPostprocessing = 0;
		};
		F45784971A81AF8000EE6B13 /* Resources */ = {
			isa = PBXResourcesBuildPhase;
			buildActionMask = 2147483647;
			files = (
			);
			runOnlyForDeploymentPostprocessing = 0;
		};
/* End PBXResourcesBuildPhase section */

/* Begin PBXShellScriptBuildPhase section */
		03A52B8D1C9739C8AADC5121 /* Check Pods Manifest.lock */ = {
			isa = PBXShellScriptBuildPhase;
			buildActionMask = 2147483647;
			files = (
			);
			inputPaths = (
			);
			name = "Check Pods Manifest.lock";
			outputPaths = (
			);
			runOnlyForDeploymentPostprocessing = 0;
			shellPath = /bin/sh;
			shellScript = "diff \"${PODS_ROOT}/../Podfile.lock\" \"${PODS_ROOT}/Manifest.lock\" > /dev/null\nif [[ $? != 0 ]] ; then\n    cat << EOM\nerror: The sandbox is not in sync with the Podfile.lock. Run 'pod install' or update your CocoaPods installation.\nEOM\n    exit 1\nfi\n";
			showEnvVarsInLog = 0;
		};
		0E5C98B7A440085016D38509 /* Copy Pods Resources */ = {
			isa = PBXShellScriptBuildPhase;
			buildActionMask = 2147483647;
			files = (
			);
			inputPaths = (
			);
			name = "Copy Pods Resources";
			outputPaths = (
			);
			runOnlyForDeploymentPostprocessing = 0;
			shellPath = /bin/sh;
			shellScript = "\"${SRCROOT}/Pods/Target Support Files/Pods-ShareNear/Pods-ShareNear-resources.sh\"\n";
			showEnvVarsInLog = 0;
		};
/* End PBXShellScriptBuildPhase section */

/* Begin PBXSourcesBuildPhase section */
		F45784791A81AF8000EE6B13 /* Sources */ = {
			isa = PBXSourcesBuildPhase;
			buildActionMask = 2147483647;
			files = (
				F45784861A81AF8000EE6B13 /* AppDelegate.m in Sources */,
				F46D7F0B1A8B2FC600908234 /* TransitionAnimator.m in Sources */,
				F45784C71A82750C00EE6B13 /* DiscoverViewController.m in Sources */,
				F47BF3541A85066600EB6FEA /* InfoViewController.m in Sources */,
				F457850D1A840EA500EE6B13 /* Constants.m in Sources */,
				F45784BF1A81E6D900EE6B13 /* RAMAnimatedTabBarController.swift in Sources */,
				F4F459DB1AC606E50092F9A9 /* DiscoverPeopleCollectionViewCell.m in Sources */,
				F46D7F0F1A8F2F3E00908234 /* P2PShareViewController.m in Sources */,
				F45784831A81AF8000EE6B13 /* main.m in Sources */,
				F45784BE1A81E6D900EE6B13 /* RAMTransitionItemAnimation.swift in Sources */,
				F45EBEAD1A86B60500A6BAC0 /* ChatTabViewController.m in Sources */,
				F4F459D41AC604C80092F9A9 /* RGCardViewLayout.m in Sources */,
				F46D7F171A90165C00908234 /* ShareFacebookViewController.m in Sources */,
				F47BF34E1A848EA400EB6FEA /* MatchUpViewController.m in Sources */,
				F45784C01A81E6D900EE6B13 /* RAMItemAnimationProtocol.swift in Sources */,
				F47BF3511A84957D00EB6FEA /* MatchUpSettingsViewController.m in Sources */,
				F45785101A843F0100EE6B13 /* ProfileViewController.m in Sources */,
				F47BF34B1A848CC800EB6FEA /* SettingsViewController.m in Sources */,
				F45784891A81AF8000EE6B13 /* ShareNear.xcdatamodeld in Sources */,
				F46D7F211A928F0900908234 /* UserTableViewController.m in Sources */,
				F45784BD1A81E6D900EE6B13 /* RAMRotationAnimation.swift in Sources */,
				F46D7F3D1A99274A00908234 /* ContactsViewController.m in Sources */,
				F45784BB1A81E6D900EE6B13 /* RAMFrameItemAnimation.swift in Sources */,
				F45784BC1A81E6D900EE6B13 /* RAMFumeAnimation.swift in Sources */,
				F47BF3651A857D1700EB6FEA /* MatchesViewController.m in Sources */,
				F45784C31A81EBDE00EE6B13 /* LoginViewController.m in Sources */,
				F47BF3621A857A7A00EB6FEA /* MatchViewController.m in Sources */,
				F47BF3591A8521C200EB6FEA /* TestUser.m in Sources */,
				F46D7F1A1A91C6E200908234 /* SignUpViewController.m in Sources */,
				F46D7F251A93488000908234 /* PostImageViewController.m in Sources */,
				F46D7F371A98710000908234 /* MyWorldTravelerModel.xcdatamodeld in Sources */,
				F47BF36B1A8580FB00EB6FEA /* ChatViewController.m in Sources */,
				F45784D51A82C0F500EE6B13 /* HomeViewController.m in Sources */,
				F4F459D81AC605170092F9A9 /* DiscoverPeopleViewController.m in Sources */,
				F46D7F501AA0DBCD00908234 /* MapViewController.m in Sources */,
				F45784BA1A81E6D900EE6B13 /* RAMBounceAnimation.swift in Sources */,
				F46D7F411A9927C200908234 /* ContactTableViewCell.m in Sources */,
			);
			runOnlyForDeploymentPostprocessing = 0;
		};
		F45784951A81AF8000EE6B13 /* Sources */ = {
			isa = PBXSourcesBuildPhase;
			buildActionMask = 2147483647;
			files = (
				F45784A01A81AF8000EE6B13 /* ShareNearTests.m in Sources */,
			);
			runOnlyForDeploymentPostprocessing = 0;
		};
/* End PBXSourcesBuildPhase section */

/* Begin PBXTargetDependency section */
		F457849B1A81AF8000EE6B13 /* PBXTargetDependency */ = {
			isa = PBXTargetDependency;
			target = F457847C1A81AF8000EE6B13 /* ShareNear */;
			targetProxy = F457849A1A81AF8000EE6B13 /* PBXContainerItemProxy */;
		};
/* End PBXTargetDependency section */

/* Begin PBXVariantGroup section */
		F457848D1A81AF8000EE6B13 /* Main.storyboard */ = {
			isa = PBXVariantGroup;
			children = (
				F457848E1A81AF8000EE6B13 /* Base */,
			);
			name = Main.storyboard;
			sourceTree = "<group>";
		};
		F45784921A81AF8000EE6B13 /* LaunchScreen.xib */ = {
			isa = PBXVariantGroup;
			children = (
				F45784931A81AF8000EE6B13 /* Base */,
			);
			name = LaunchScreen.xib;
			sourceTree = "<group>";
		};
/* End PBXVariantGroup section */

/* Begin XCBuildConfiguration section */
		F45784A11A81AF8000EE6B13 /* Debug */ = {
			isa = XCBuildConfiguration;
			buildSettings = {
				ALWAYS_SEARCH_USER_PATHS = NO;
				CLANG_CXX_LANGUAGE_STANDARD = "gnu++0x";
				CLANG_CXX_LIBRARY = "libc++";
				CLANG_ENABLE_MODULES = YES;
				CLANG_ENABLE_OBJC_ARC = YES;
				CLANG_WARN_BOOL_CONVERSION = YES;
				CLANG_WARN_CONSTANT_CONVERSION = YES;
				CLANG_WARN_DIRECT_OBJC_ISA_USAGE = YES_ERROR;
				CLANG_WARN_EMPTY_BODY = YES;
				CLANG_WARN_ENUM_CONVERSION = YES;
				CLANG_WARN_INT_CONVERSION = YES;
				CLANG_WARN_OBJC_ROOT_CLASS = YES_ERROR;
				CLANG_WARN_UNREACHABLE_CODE = YES;
				CLANG_WARN__DUPLICATE_METHOD_MATCH = YES;
				"CODE_SIGN_IDENTITY[sdk=iphoneos*]" = "iPhone Developer";
				COPY_PHASE_STRIP = NO;
				ENABLE_STRICT_OBJC_MSGSEND = YES;
				GCC_C_LANGUAGE_STANDARD = gnu99;
				GCC_DYNAMIC_NO_PIC = NO;
				GCC_OPTIMIZATION_LEVEL = 0;
				GCC_PREPROCESSOR_DEFINITIONS = (
					"DEBUG=1",
					"$(inherited)",
				);
				GCC_SYMBOLS_PRIVATE_EXTERN = NO;
				GCC_WARN_64_TO_32_BIT_CONVERSION = YES;
				GCC_WARN_ABOUT_RETURN_TYPE = YES_ERROR;
				GCC_WARN_UNDECLARED_SELECTOR = YES;
				GCC_WARN_UNINITIALIZED_AUTOS = YES_AGGRESSIVE;
				GCC_WARN_UNUSED_FUNCTION = YES;
				GCC_WARN_UNUSED_VARIABLE = YES;
				IPHONEOS_DEPLOYMENT_TARGET = 8.1;
				MTL_ENABLE_DEBUG_INFO = YES;
				ONLY_ACTIVE_ARCH = YES;
				SDKROOT = iphoneos;
			};
			name = Debug;
		};
		F45784A21A81AF8000EE6B13 /* Release */ = {
			isa = XCBuildConfiguration;
			buildSettings = {
				ALWAYS_SEARCH_USER_PATHS = NO;
				CLANG_CXX_LANGUAGE_STANDARD = "gnu++0x";
				CLANG_CXX_LIBRARY = "libc++";
				CLANG_ENABLE_MODULES = YES;
				CLANG_ENABLE_OBJC_ARC = YES;
				CLANG_WARN_BOOL_CONVERSION = YES;
				CLANG_WARN_CONSTANT_CONVERSION = YES;
				CLANG_WARN_DIRECT_OBJC_ISA_USAGE = YES_ERROR;
				CLANG_WARN_EMPTY_BODY = YES;
				CLANG_WARN_ENUM_CONVERSION = YES;
				CLANG_WARN_INT_CONVERSION = YES;
				CLANG_WARN_OBJC_ROOT_CLASS = YES_ERROR;
				CLANG_WARN_UNREACHABLE_CODE = YES;
				CLANG_WARN__DUPLICATE_METHOD_MATCH = YES;
				"CODE_SIGN_IDENTITY[sdk=iphoneos*]" = "iPhone Developer";
				COPY_PHASE_STRIP = YES;
				ENABLE_NS_ASSERTIONS = NO;
				ENABLE_STRICT_OBJC_MSGSEND = YES;
				GCC_C_LANGUAGE_STANDARD = gnu99;
				GCC_WARN_64_TO_32_BIT_CONVERSION = YES;
				GCC_WARN_ABOUT_RETURN_TYPE = YES_ERROR;
				GCC_WARN_UNDECLARED_SELECTOR = YES;
				GCC_WARN_UNINITIALIZED_AUTOS = YES_AGGRESSIVE;
				GCC_WARN_UNUSED_FUNCTION = YES;
				GCC_WARN_UNUSED_VARIABLE = YES;
				IPHONEOS_DEPLOYMENT_TARGET = 8.1;
				MTL_ENABLE_DEBUG_INFO = NO;
				SDKROOT = iphoneos;
				VALIDATE_PRODUCT = YES;
			};
			name = Release;
		};
		F45784A41A81AF8000EE6B13 /* Debug */ = {
			isa = XCBuildConfiguration;
			baseConfigurationReference = 8D4DCDF9BCFBC3F4504B1839 /* Pods-ShareNear.debug.xcconfig */;
			buildSettings = {
				ASSETCATALOG_COMPILER_APPICON_NAME = AppIcon;
				ASSETCATALOG_COMPILER_LAUNCHIMAGE_NAME = LaunchImage;
				CLANG_ENABLE_MODULES = YES;
				CODE_SIGN_IDENTITY = "iPhone Developer";
				"CODE_SIGN_IDENTITY[sdk=iphoneos*]" = "iPhone Developer";
				FRAMEWORK_SEARCH_PATHS = (
					"$(inherited)",
					"$(PROJECT_DIR)",
					"/Users/KE-MAC/Documents/FacebookSDK",
				);
				GCC_PREFIX_HEADER = "$(SRCROOT)/PrefixHeader.pch";
				INFOPLIST_FILE = ShareNear/Info.plist;
				IPHONEOS_DEPLOYMENT_TARGET = 8.1;
				LD_RUNPATH_SEARCH_PATHS = "$(inherited) @executable_path/Frameworks";
				PRODUCT_NAME = "$(TARGET_NAME)";
				PROVISIONING_PROFILE = "";
				SWIFT_OBJC_BRIDGING_HEADER = "ShareNear-Bridging-Header.h";
				SWIFT_OPTIMIZATION_LEVEL = "-Onone";
			};
			name = Debug;
		};
		F45784A51A81AF8000EE6B13 /* Release */ = {
			isa = XCBuildConfiguration;
			baseConfigurationReference = 7003B71F8A6E24EE47A208D5 /* Pods-ShareNear.release.xcconfig */;
			buildSettings = {
				ASSETCATALOG_COMPILER_APPICON_NAME = AppIcon;
				ASSETCATALOG_COMPILER_LAUNCHIMAGE_NAME = LaunchImage;
				CLANG_ENABLE_MODULES = YES;
				CODE_SIGN_IDENTITY = "iPhone Developer";
				"CODE_SIGN_IDENTITY[sdk=iphoneos*]" = "iPhone Developer";
				FRAMEWORK_SEARCH_PATHS = (
					"$(inherited)",
					"$(PROJECT_DIR)",
					"/Users/KE-MAC/Documents/FacebookSDK",
				);
				GCC_PREFIX_HEADER = "$(SRCROOT)/PrefixHeader.pch";
				INFOPLIST_FILE = ShareNear/Info.plist;
				IPHONEOS_DEPLOYMENT_TARGET = 8.1;
				LD_RUNPATH_SEARCH_PATHS = "$(inherited) @executable_path/Frameworks";
				PRODUCT_NAME = "$(TARGET_NAME)";
				PROVISIONING_PROFILE = "";
				SWIFT_OBJC_BRIDGING_HEADER = "ShareNear-Bridging-Header.h";
			};
			name = Release;
		};
		F45784A71A81AF8000EE6B13 /* Debug */ = {
			isa = XCBuildConfiguration;
			buildSettings = {
				BUNDLE_LOADER = "$(TEST_HOST)";
				FRAMEWORK_SEARCH_PATHS = (
					"$(SDKROOT)/Developer/Library/Frameworks",
					"$(inherited)",
				);
				GCC_PREPROCESSOR_DEFINITIONS = (
					"DEBUG=1",
					"$(inherited)",
				);
				INFOPLIST_FILE = ShareNearTests/Info.plist;
				LD_RUNPATH_SEARCH_PATHS = "$(inherited) @executable_path/Frameworks @loader_path/Frameworks";
				PRODUCT_NAME = "$(TARGET_NAME)";
				TEST_HOST = "$(BUILT_PRODUCTS_DIR)/ShareNear.app/ShareNear";
			};
			name = Debug;
		};
		F45784A81A81AF8000EE6B13 /* Release */ = {
			isa = XCBuildConfiguration;
			buildSettings = {
				BUNDLE_LOADER = "$(TEST_HOST)";
				FRAMEWORK_SEARCH_PATHS = (
					"$(SDKROOT)/Developer/Library/Frameworks",
					"$(inherited)",
				);
				INFOPLIST_FILE = ShareNearTests/Info.plist;
				LD_RUNPATH_SEARCH_PATHS = "$(inherited) @executable_path/Frameworks @loader_path/Frameworks";
				PRODUCT_NAME = "$(TARGET_NAME)";
				TEST_HOST = "$(BUILT_PRODUCTS_DIR)/ShareNear.app/ShareNear";
			};
			name = Release;
		};
/* End XCBuildConfiguration section */

/* Begin XCConfigurationList section */
		F45784781A81AF8000EE6B13 /* Build configuration list for PBXProject "ShareNear" */ = {
			isa = XCConfigurationList;
			buildConfigurations = (
				F45784A11A81AF8000EE6B13 /* Debug */,
				F45784A21A81AF8000EE6B13 /* Release */,
			);
			defaultConfigurationIsVisible = 0;
			defaultConfigurationName = Release;
		};
		F45784A31A81AF8000EE6B13 /* Build configuration list for PBXNativeTarget "ShareNear" */ = {
			isa = XCConfigurationList;
			buildConfigurations = (
				F45784A41A81AF8000EE6B13 /* Debug */,
				F45784A51A81AF8000EE6B13 /* Release */,
			);
			defaultConfigurationIsVisible = 0;
			defaultConfigurationName = Release;
		};
		F45784A61A81AF8000EE6B13 /* Build configuration list for PBXNativeTarget "ShareNearTests" */ = {
			isa = XCConfigurationList;
			buildConfigurations = (
				F45784A71A81AF8000EE6B13 /* Debug */,
				F45784A81A81AF8000EE6B13 /* Release */,
			);
			defaultConfigurationIsVisible = 0;
			defaultConfigurationName = Release;
		};
/* End XCConfigurationList section */

/* Begin XCVersionGroup section */
		F45784871A81AF8000EE6B13 /* ShareNear.xcdatamodeld */ = {
			isa = XCVersionGroup;
			children = (
				F45784881A81AF8000EE6B13 /* ShareNear.xcdatamodel */,
			);
			currentVersion = F45784881A81AF8000EE6B13 /* ShareNear.xcdatamodel */;
			name = ShareNear.xcdatamodeld;
			path = ShareNear/ShareNear.xcdatamodeld;
			sourceTree = "<group>";
			versionGroupType = wrapper.xcdatamodel;
		};
		F46D7F351A98710000908234 /* MyWorldTravelerModel.xcdatamodeld */ = {
			isa = XCVersionGroup;
			children = (
				F46D7F361A98710000908234 /* MyWorldTravelerModel.xcdatamodel */,
			);
			currentVersion = F46D7F361A98710000908234 /* MyWorldTravelerModel.xcdatamodel */;
			name = MyWorldTravelerModel.xcdatamodeld;
			path = ShareNear/MyWorldTravelerModel.xcdatamodeld;
			sourceTree = "<group>";
			versionGroupType = wrapper.xcdatamodel;
		};
/* End XCVersionGroup section */
	};
	rootObject = F45784751A81AF8000EE6B13 /* Project object */;
}
